{
  "name": "cronicl",
  "lockfileVersion": 3,
  "requires": true,
  "packages": {
    "": {
      "dependencies": {
        "hono": "^4.12.3"
      }
    },
    "node_modules/hono": {
      "version": "4.12.3",
      "resolved": "https://registry.npmjs.org/hono/-/hono-4.12.3.tgz",
      "integrity": "sha512-SFsVSjp8sj5UumXOOFlkZOG6XS9SJDKw0TbwFeV+AJ8xlST8kxK5Z/5EYa111UY8732lK2S/xB653ceuaoGwpg==",
      "license": "MIT",
      "engines": {
        "node": ">=16.9.0"
      }
    }
  }
}
